
Microsoft Visual Studio Solution File, Format Version 12.00
# Visual Studio Version 17
VisualStudioVersion = 17.1.32319.34
MinimumVisualStudioVersion = 10.0.40219.1
Project("{FAE04EC0-301F-11D3-BF4B-00C04F79EFBC}") = "ConsoleApp", "ConsoleApp\ConsoleApp.csproj", "{2533AE5C-E6C5-48E6-9355-3013D463E4B9}"
EndProject
Global
	GlobalSection(SolutionConfigurationPlatforms) = preSolution
		Debug|Any CPU = Debug|Any CPU
		Release|Any CPU = Release|Any CPU
	EndGlobalSection
	GlobalSection(ProjectConfigurationPlatforms) = postSolution
		{2533AE5C-E6C5-48E6-9355-3013D463E4B9}.Debug|Any CPU.ActiveCfg = Debug|Any CPU
		{2533AE5C-E6C5-48E6-9355-3013D463E4B9}.Debug|Any CPU.Build.0 = Debug|Any CPU
		{2533AE5C-E6C5-48E6-9355-3013D463E4B9}.Release|Any CPU.ActiveCfg = Release|Any CPU
		{2533AE5C-E6C5-48E6-9355-3013D463E4B9}.Release|Any CPU.Build.0 = Release|Any CPU
	EndGlobalSection
	GlobalSection(SolutionProperties) = preSolution
		HideSolutionNode = FALSE
	EndGlobalSection
	GlobalSection(ExtensibilityGlobals) = postSolution
		SolutionGuid = {05298B28-75F0-4663-B6A9-68A7EDA16874}
	EndGlobalSection
EndGlobal
